
Microsoft Visual Studio Solution File, Format Version 12.00
# Visual Studio Version 17
VisualStudioVersion = 17.1.31911.260
MinimumVisualStudioVersion = 10.0.40219.1
Project("{9A19103F-16F7-4668-BE54-9A1E7A4F7556}") = "AKSoftware.ExpensesAnalyzer.Functions", "AKSoftware.ExpensesAnalyzer.Functions\AKSoftware.ExpensesAnalyzer.Functions.csproj", "{2EB483CF-A1DB-420A-89FF-E6221D213A86}"
EndProject
Project("{9A19103F-16F7-4668-BE54-9A1E7A4F7556}") = "AKSoftware.ExpensesAnalyzer.Services", "AKSoftware.ExpensesAnalyzer.Services\AKSoftware.ExpensesAnalyzer.Services.csproj", "{95E298AF-FD2A-40A1-967D-A9325F4E4C90}"
EndProject
Project("{2150E333-8FDC-42A3-9474-1A3956D46DE8}") = "Server", "Server", "{C036E362-77FB-4D1B-8D0C-4DDB03FC79F9}"
EndProject
Project("{9A19103F-16F7-4668-BE54-9A1E7A4F7556}") = "AKSoftware.ExpensesAnalyzer.Models", "AKSoftware.ExpensesAnalyzer.Models\AKSoftware.ExpensesAnalyzer.Models.csproj", "{8CC9131B-F32B-45BD-8664-09A6D4CF84B3}"
EndProject
Project("{2150E333-8FDC-42A3-9474-1A3956D46DE8}") = "Shared", "Shared", "{905867A6-EB90-4042-A26D-3654C849E135}"
EndProject
Project("{2150E333-8FDC-42A3-9474-1A3956D46DE8}") = "Client", "Client", "{48B7AC22-0B68-4144-8FDC-4DD37107BF72}"
EndProject
Project("{FAE04EC0-301F-11D3-BF4B-00C04F79EFBC}") = "AKSoftware.ExpensesAnalyzer.Shared", "AKSoftware.ExpensesAnalyzer.Shared\AKSoftware.ExpensesAnalyzer.Shared.csproj", "{3B563FDF-234D-4071-9AA1-7DB637D16D1D}"
EndProject
Global
	GlobalSection(SolutionConfigurationPlatforms) = preSolution
		Debug|Any CPU = Debug|Any CPU
		Release|Any CPU = Release|Any CPU
	EndGlobalSection
	GlobalSection(ProjectConfigurationPlatforms) = postSolution
		{2EB483CF-A1DB-420A-89FF-E6221D213A86}.Debug|Any CPU.ActiveCfg = Debug|Any CPU
		{2EB483CF-A1DB-420A-89FF-E6221D213A86}.Debug|Any CPU.Build.0 = Debug|Any CPU
		{2EB483CF-A1DB-420A-89FF-E6221D213A86}.Release|Any CPU.ActiveCfg = Release|Any CPU
		{2EB483CF-A1DB-420A-89FF-E6221D213A86}.Release|Any CPU.Build.0 = Release|Any CPU
		{95E298AF-FD2A-40A1-967D-A9325F4E4C90}.Debug|Any CPU.ActiveCfg = Debug|Any CPU
		{95E298AF-FD2A-40A1-967D-A9325F4E4C90}.Debug|Any CPU.Build.0 = Debug|Any CPU
		{95E298AF-FD2A-40A1-967D-A9325F4E4C90}.Release|Any CPU.ActiveCfg = Release|Any CPU
		{95E298AF-FD2A-40A1-967D-A9325F4E4C90}.Release|Any CPU.Build.0 = Release|Any CPU
		{8CC9131B-F32B-45BD-8664-09A6D4CF84B3}.Debug|Any CPU.ActiveCfg = Debug|Any CPU
		{8CC9131B-F32B-45BD-8664-09A6D4CF84B3}.Debug|Any CPU.Build.0 = Debug|Any CPU
		{8CC9131B-F32B-45BD-8664-09A6D4CF84B3}.Release|Any CPU.ActiveCfg = Release|Any CPU
		{8CC9131B-F32B-45BD-8664-09A6D4CF84B3}.Release|Any CPU.Build.0 = Release|Any CPU
		{3B563FDF-234D-4071-9AA1-7DB637D16D1D}.Debug|Any CPU.ActiveCfg = Debug|Any CPU
		{3B563FDF-234D-4071-9AA1-7DB637D16D1D}.Debug|Any CPU.Build.0 = Debug|Any CPU
		{3B563FDF-234D-4071-9AA1-7DB637D16D1D}.Release|Any CPU.ActiveCfg = Release|Any CPU
		{3B563FDF-234D-4071-9AA1-7DB637D16D1D}.Release|Any CPU.Build.0 = Release|Any CPU
	EndGlobalSection
	GlobalSection(SolutionProperties) = preSolution
		HideSolutionNode = FALSE
	EndGlobalSection
	GlobalSection(NestedProjects) = preSolution
		{2EB483CF-A1DB-420A-89FF-E6221D213A86} = {C036E362-77FB-4D1B-8D0C-4DDB03FC79F9}
		{95E298AF-FD2A-40A1-967D-A9325F4E4C90} = {C036E362-77FB-4D1B-8D0C-4DDB03FC79F9}
		{8CC9131B-F32B-45BD-8664-09A6D4CF84B3} = {C036E362-77FB-4D1B-8D0C-4DDB03FC79F9}
		{3B563FDF-234D-4071-9AA1-7DB637D16D1D} = {905867A6-EB90-4042-A26D-3654C849E135}
	EndGlobalSection
	GlobalSection(ExtensibilityGlobals) = postSolution
		SolutionGuid = {A40B06D4-EB62-4F2C-9C91-B032A39B409A}
	EndGlobalSection
EndGlobal
